
Microsoft Visual Studio Solution File, Format Version 12.00
# Visual Studio Version 17
VisualStudioVersion = 17.7.34031.279
MinimumVisualStudioVersion = 10.0.40219.1
Project("{9A19103F-16F7-4668-BE54-9A1E7A4F7556}") = "Courses", "Courses\Courses.csproj", "{294CCF98-1F4C-4A22-AD01-98C3B1AFE068}"
EndProject
Project("{FAE04EC0-301F-11D3-BF4B-00C04F79EFBC}") = "Courses.Model", "Courses.Model\Courses.Model.csproj", "{C1CBCAD3-CADA-4073-AF70-C7881CB8BF84}"
EndProject
Project("{FAE04EC0-301F-11D3-BF4B-00C04F79EFBC}") = "Courses.Services", "Courses.Services\Courses.Services.csproj", "{078D179E-C78D-4E3F-9934-D6E6000C9BC4}"
EndProject
Global
	GlobalSection(SolutionConfigurationPlatforms) = preSolution
		Debug|Any CPU = Debug|Any CPU
		Release|Any CPU = Release|Any CPU
	EndGlobalSection
	GlobalSection(ProjectConfigurationPlatforms) = postSolution
		{294CCF98-1F4C-4A22-AD01-98C3B1AFE068}.Debug|Any CPU.ActiveCfg = Debug|Any CPU
		{294CCF98-1F4C-4A22-AD01-98C3B1AFE068}.Debug|Any CPU.Build.0 = Debug|Any CPU
		{294CCF98-1F4C-4A22-AD01-98C3B1AFE068}.Release|Any CPU.ActiveCfg = Release|Any CPU
		{294CCF98-1F4C-4A22-AD01-98C3B1AFE068}.Release|Any CPU.Build.0 = Release|Any CPU
		{C1CBCAD3-CADA-4073-AF70-C7881CB8BF84}.Debug|Any CPU.ActiveCfg = Debug|Any CPU
		{C1CBCAD3-CADA-4073-AF70-C7881CB8BF84}.Debug|Any CPU.Build.0 = Debug|Any CPU
		{C1CBCAD3-CADA-4073-AF70-C7881CB8BF84}.Release|Any CPU.ActiveCfg = Release|Any CPU
		{C1CBCAD3-CADA-4073-AF70-C7881CB8BF84}.Release|Any CPU.Build.0 = Release|Any CPU
		{078D179E-C78D-4E3F-9934-D6E6000C9BC4}.Debug|Any CPU.ActiveCfg = Debug|Any CPU
		{078D179E-C78D-4E3F-9934-D6E6000C9BC4}.Debug|Any CPU.Build.0 = Debug|Any CPU
		{078D179E-C78D-4E3F-9934-D6E6000C9BC4}.Release|Any CPU.ActiveCfg = Release|Any CPU
		{078D179E-C78D-4E3F-9934-D6E6000C9BC4}.Release|Any CPU.Build.0 = Release|Any CPU
	EndGlobalSection
	GlobalSection(SolutionProperties) = preSolution
		HideSolutionNode = FALSE
	EndGlobalSection
	GlobalSection(ExtensibilityGlobals) = postSolution
		SolutionGuid = {7FE5F17B-9ABF-4C75-B978-6447AF8F3ABD}
	EndGlobalSection
EndGlobal
